
Microsoft Visual Studio Solution File, Format Version 12.00
# Visual Studio Version 17
VisualStudioVersion = 17.5.002.0
MinimumVisualStudioVersion = 10.0.40219.1
Project("{9A19103F-16F7-4668-BE54-9A1E7A4F7556}") = "nyr-api", "nyr-api.csproj", "{DCCB01F7-C40E-4032-96D5-20E17346E8DE}"
EndProject
Global
	GlobalSection(SolutionConfigurationPlatforms) = preSolution
		Debug|Any CPU = Debug|Any CPU
		Release|Any CPU = Release|Any CPU
	EndGlobalSection
	GlobalSection(ProjectConfigurationPlatforms) = postSolution
		{DCCB01F7-C40E-4032-96D5-20E17346E8DE}.Debug|Any CPU.ActiveCfg = Debug|Any CPU
		{DCCB01F7-C40E-4032-96D5-20E17346E8DE}.Debug|Any CPU.Build.0 = Debug|Any CPU
		{DCCB01F7-C40E-4032-96D5-20E17346E8DE}.Release|Any CPU.ActiveCfg = Release|Any CPU
		{DCCB01F7-C40E-4032-96D5-20E17346E8DE}.Release|Any CPU.Build.0 = Release|Any CPU
	EndGlobalSection
	GlobalSection(SolutionProperties) = preSolution
		HideSolutionNode = FALSE
	EndGlobalSection
	GlobalSection(ExtensibilityGlobals) = postSolution
		SolutionGuid = {91D89043-5A5F-4306-B7CF-CFF14B5CD46F}
	EndGlobalSection
EndGlobal
